
Microsoft Visual Studio Solution File, Format Version 12.00
# Visual Studio Version 16
VisualStudioVersion = 16.0.31205.134
MinimumVisualStudioVersion = 10.0.40219.1
Project("{FAE04EC0-301F-11D3-BF4B-00C04F79EFBC}") = "Lab 10", "Lab 10\Lab 10.csproj", "{9A08F17F-BBE5-448D-962E-F0837A47CBE5}"
EndProject
Global
	GlobalSection(SolutionConfigurationPlatforms) = preSolution
		Debug|Any CPU = Debug|Any CPU
		Release|Any CPU = Release|Any CPU
	EndGlobalSection
	GlobalSection(ProjectConfigurationPlatforms) = postSolution
		{9A08F17F-BBE5-448D-962E-F0837A47CBE5}.Debug|Any CPU.ActiveCfg = Debug|Any CPU
		{9A08F17F-BBE5-448D-962E-F0837A47CBE5}.Debug|Any CPU.Build.0 = Debug|Any CPU
		{9A08F17F-BBE5-448D-962E-F0837A47CBE5}.Release|Any CPU.ActiveCfg = Release|Any CPU
		{9A08F17F-BBE5-448D-962E-F0837A47CBE5}.Release|Any CPU.Build.0 = Release|Any CPU
	EndGlobalSection
	GlobalSection(SolutionProperties) = preSolution
		HideSolutionNode = FALSE
	EndGlobalSection
	GlobalSection(ExtensibilityGlobals) = postSolution
		SolutionGuid = {C5E3EBC3-50A2-4C2C-9204-91AE19070B1B}
	EndGlobalSection
EndGlobal
