
Microsoft Visual Studio Solution File, Format Version 12.00
# Visual Studio Version 16
VisualStudioVersion = 16.0.31205.134
MinimumVisualStudioVersion = 10.0.40219.1
Project("{FAE04EC0-301F-11D3-BF4B-00C04F79EFBC}") = "Lab 11", "Lab 11\Lab 11.csproj", "{8852FD0F-3D88-40D6-AFF1-ED965B426655}"
EndProject
Global
	GlobalSection(SolutionConfigurationPlatforms) = preSolution
		Debug|Any CPU = Debug|Any CPU
		Release|Any CPU = Release|Any CPU
	EndGlobalSection
	GlobalSection(ProjectConfigurationPlatforms) = postSolution
		{8852FD0F-3D88-40D6-AFF1-ED965B426655}.Debug|Any CPU.ActiveCfg = Debug|Any CPU
		{8852FD0F-3D88-40D6-AFF1-ED965B426655}.Debug|Any CPU.Build.0 = Debug|Any CPU
		{8852FD0F-3D88-40D6-AFF1-ED965B426655}.Release|Any CPU.ActiveCfg = Release|Any CPU
		{8852FD0F-3D88-40D6-AFF1-ED965B426655}.Release|Any CPU.Build.0 = Release|Any CPU
	EndGlobalSection
	GlobalSection(SolutionProperties) = preSolution
		HideSolutionNode = FALSE
	EndGlobalSection
	GlobalSection(ExtensibilityGlobals) = postSolution
		SolutionGuid = {567F6878-457C-4A63-99AA-A21506FA7734}
	EndGlobalSection
EndGlobal
